
Microsoft Visual Studio Solution File, Format Version 12.00
# Visual Studio Version 17
VisualStudioVersion = 17.1.32407.343
MinimumVisualStudioVersion = 10.0.40219.1
Project("{2150E333-8FDC-42A3-9474-1A3956D46DE8}") = "Hackerrank", "Hackerrank", "{68483904-B282-4114-9D8D-A3CD89844C58}"
EndProject
Project("{2150E333-8FDC-42A3-9474-1A3956D46DE8}") = "Leetcode", "Leetcode", "{B86F55F8-0EFE-4DFE-807F-2D2AC8670B38}"
EndProject
Project("{FAE04EC0-301F-11D3-BF4B-00C04F79EFBC}") = "ClosestNumbers", "Hackerrank\ClosestNumbers\ClosestNumbers.csproj", "{003A89FA-7D9A-4556-94F4-A782D612CDE2}"
EndProject
Project("{FAE04EC0-301F-11D3-BF4B-00C04F79EFBC}") = "DoTheyBelong", "Hackerrank\DoTheyBelong\DoTheyBelong.csproj", "{2744E2D8-2712-48A3-BA69-6BC96999CEFD}"
EndProject
Global
	GlobalSection(SolutionConfigurationPlatforms) = preSolution
		Debug|Any CPU = Debug|Any CPU
		Release|Any CPU = Release|Any CPU
	EndGlobalSection
	GlobalSection(ProjectConfigurationPlatforms) = postSolution
		{003A89FA-7D9A-4556-94F4-A782D612CDE2}.Debug|Any CPU.ActiveCfg = Debug|Any CPU
		{003A89FA-7D9A-4556-94F4-A782D612CDE2}.Debug|Any CPU.Build.0 = Debug|Any CPU
		{003A89FA-7D9A-4556-94F4-A782D612CDE2}.Release|Any CPU.ActiveCfg = Release|Any CPU
		{003A89FA-7D9A-4556-94F4-A782D612CDE2}.Release|Any CPU.Build.0 = Release|Any CPU
		{2744E2D8-2712-48A3-BA69-6BC96999CEFD}.Debug|Any CPU.ActiveCfg = Debug|Any CPU
		{2744E2D8-2712-48A3-BA69-6BC96999CEFD}.Debug|Any CPU.Build.0 = Debug|Any CPU
		{2744E2D8-2712-48A3-BA69-6BC96999CEFD}.Release|Any CPU.ActiveCfg = Release|Any CPU
		{2744E2D8-2712-48A3-BA69-6BC96999CEFD}.Release|Any CPU.Build.0 = Release|Any CPU
	EndGlobalSection
	GlobalSection(SolutionProperties) = preSolution
		HideSolutionNode = FALSE
	EndGlobalSection
	GlobalSection(NestedProjects) = preSolution
		{003A89FA-7D9A-4556-94F4-A782D612CDE2} = {68483904-B282-4114-9D8D-A3CD89844C58}
		{2744E2D8-2712-48A3-BA69-6BC96999CEFD} = {68483904-B282-4114-9D8D-A3CD89844C58}
	EndGlobalSection
	GlobalSection(ExtensibilityGlobals) = postSolution
		SolutionGuid = {FC0C1E3E-467C-483D-B15A-5F51A3E5B044}
	EndGlobalSection
EndGlobal
